
Microsoft Visual Studio Solution File, Format Version 12.00
# Visual Studio Version 16
VisualStudioVersion = 16.0.30503.244
MinimumVisualStudioVersion = 10.0.40219.1
Project("{9A19103F-16F7-4668-BE54-9A1E7A4F7556}") = "API", "API\API.csproj", "{0EFB4024-39BB-4F06-811E-1E05516C256D}"
EndProject
Project("{FAE04EC0-301F-11D3-BF4B-00C04F79EFBC}") = "BLL", "BLL\BLL.csproj", "{5F6C7AE4-C11C-43B8-8E38-2E98306A9765}"
EndProject
Project("{FAE04EC0-301F-11D3-BF4B-00C04F79EFBC}") = "DAL", "DAL\DAL.csproj", "{7C23881F-C806-4EBF-B2EB-A55000B7C38B}"
EndProject
Global
	GlobalSection(SolutionConfigurationPlatforms) = preSolution
		Debug|Any CPU = Debug|Any CPU
		Release|Any CPU = Release|Any CPU
	EndGlobalSection
	GlobalSection(ProjectConfigurationPlatforms) = postSolution
		{0EFB4024-39BB-4F06-811E-1E05516C256D}.Debug|Any CPU.ActiveCfg = Debug|Any CPU
		{0EFB4024-39BB-4F06-811E-1E05516C256D}.Debug|Any CPU.Build.0 = Debug|Any CPU
		{0EFB4024-39BB-4F06-811E-1E05516C256D}.Release|Any CPU.ActiveCfg = Release|Any CPU
		{0EFB4024-39BB-4F06-811E-1E05516C256D}.Release|Any CPU.Build.0 = Release|Any CPU
		{5F6C7AE4-C11C-43B8-8E38-2E98306A9765}.Debug|Any CPU.ActiveCfg = Debug|Any CPU
		{5F6C7AE4-C11C-43B8-8E38-2E98306A9765}.Debug|Any CPU.Build.0 = Debug|Any CPU
		{5F6C7AE4-C11C-43B8-8E38-2E98306A9765}.Release|Any CPU.ActiveCfg = Release|Any CPU
		{5F6C7AE4-C11C-43B8-8E38-2E98306A9765}.Release|Any CPU.Build.0 = Release|Any CPU
		{7C23881F-C806-4EBF-B2EB-A55000B7C38B}.Debug|Any CPU.ActiveCfg = Debug|Any CPU
		{7C23881F-C806-4EBF-B2EB-A55000B7C38B}.Debug|Any CPU.Build.0 = Debug|Any CPU
		{7C23881F-C806-4EBF-B2EB-A55000B7C38B}.Release|Any CPU.ActiveCfg = Release|Any CPU
		{7C23881F-C806-4EBF-B2EB-A55000B7C38B}.Release|Any CPU.Build.0 = Release|Any CPU
	EndGlobalSection
	GlobalSection(SolutionProperties) = preSolution
		HideSolutionNode = FALSE
	EndGlobalSection
	GlobalSection(ExtensibilityGlobals) = postSolution
		SolutionGuid = {0E2CBFC9-72C4-41F6-95FB-CC3099E1AEFD}
	EndGlobalSection
EndGlobal
