
Microsoft Visual Studio Solution File, Format Version 12.00
# Visual Studio Version 16
VisualStudioVersion = 16.0.30503.244
MinimumVisualStudioVersion = 10.0.40219.1
Project("{FAE04EC0-301F-11D3-BF4B-00C04F79EFBC}") = "API", "API\API.csproj", "{0EFB4024-39BB-4F06-811E-1E05516C256D}"
EndProject
Project("{FAE04EC0-301F-11D3-BF4B-00C04F79EFBC}") = "BLL", "BLL\BLL.csproj", "{346398FD-9017-4E5A-8BC7-0634200F2B6B}"
EndProject
Project("{FAE04EC0-301F-11D3-BF4B-00C04F79EFBC}") = "DAL", "DAL\DAL.csproj", "{D1EADB24-8550-4A69-A64A-0FE6A0C24BB6}"
EndProject
Project("{FAE04EC0-301F-11D3-BF4B-00C04F79EFBC}") = "Model", "Model\Model.csproj", "{90D19B4F-B644-48D4-8EE9-2EE03249C458}"
EndProject
Global
	GlobalSection(SolutionConfigurationPlatforms) = preSolution
		Debug|Any CPU = Debug|Any CPU
		Release|Any CPU = Release|Any CPU
	EndGlobalSection
	GlobalSection(ProjectConfigurationPlatforms) = postSolution
		{0EFB4024-39BB-4F06-811E-1E05516C256D}.Debug|Any CPU.ActiveCfg = Debug|Any CPU
		{0EFB4024-39BB-4F06-811E-1E05516C256D}.Debug|Any CPU.Build.0 = Debug|Any CPU
		{0EFB4024-39BB-4F06-811E-1E05516C256D}.Release|Any CPU.ActiveCfg = Release|Any CPU
		{0EFB4024-39BB-4F06-811E-1E05516C256D}.Release|Any CPU.Build.0 = Release|Any CPU
		{346398FD-9017-4E5A-8BC7-0634200F2B6B}.Debug|Any CPU.ActiveCfg = Debug|Any CPU
		{346398FD-9017-4E5A-8BC7-0634200F2B6B}.Debug|Any CPU.Build.0 = Debug|Any CPU
		{346398FD-9017-4E5A-8BC7-0634200F2B6B}.Release|Any CPU.ActiveCfg = Release|Any CPU
		{346398FD-9017-4E5A-8BC7-0634200F2B6B}.Release|Any CPU.Build.0 = Release|Any CPU
		{D1EADB24-8550-4A69-A64A-0FE6A0C24BB6}.Debug|Any CPU.ActiveCfg = Debug|Any CPU
		{D1EADB24-8550-4A69-A64A-0FE6A0C24BB6}.Debug|Any CPU.Build.0 = Debug|Any CPU
		{D1EADB24-8550-4A69-A64A-0FE6A0C24BB6}.Release|Any CPU.ActiveCfg = Release|Any CPU
		{D1EADB24-8550-4A69-A64A-0FE6A0C24BB6}.Release|Any CPU.Build.0 = Release|Any CPU
		{90D19B4F-B644-48D4-8EE9-2EE03249C458}.Debug|Any CPU.ActiveCfg = Debug|Any CPU
		{90D19B4F-B644-48D4-8EE9-2EE03249C458}.Debug|Any CPU.Build.0 = Debug|Any CPU
		{90D19B4F-B644-48D4-8EE9-2EE03249C458}.Release|Any CPU.ActiveCfg = Release|Any CPU
		{90D19B4F-B644-48D4-8EE9-2EE03249C458}.Release|Any CPU.Build.0 = Release|Any CPU
	EndGlobalSection
	GlobalSection(SolutionProperties) = preSolution
		HideSolutionNode = FALSE
	EndGlobalSection
	GlobalSection(ExtensibilityGlobals) = postSolution
		SolutionGuid = {0E2CBFC9-72C4-41F6-95FB-CC3099E1AEFD}
	EndGlobalSection
EndGlobal
